# This file is automatically @generated by Cargo.
# It is not intended for manual editing.
version = 4

[[package]]
name = "autocfg"
version = "1.5.1"
source = "registry+https://github.com/rust-lang/crates.io-index"
checksum = "f2032f911046de80f0a198e0901378627c33f59ea0ac00e363d481118bd70a53"

[[package]]
name = "bitflags"
version = "2.13.1"
source = "registry+https://github.com/rust-lang/crates.io-index"
checksum = "b588b76d00fde79687d7646a9b5bdf3cc0f655e0bbd080335a95d7e96f3587da"

[[package]]
name = "bytemuck"
version = "1.25.2"
source = "registry+https://github.com/rust-lang/crates.io-index"
checksum = "95832e849adfb21180ccb6826a99da14e5d266ae5c2e668e1602cf234f153797"

[[package]]
name = "core_maths"
version = "0.1.1"
source = "registry+https://github.com/rust-lang/crates.io-index"
checksum = "77745e017f5edba1a9c1d854f6f3a52dac8a12dd5af5d2f54aecf61e43d80d30"
dependencies = [
 "libm",
]

[[package]]
name = "coreaudio"
version = "0.1.0"
source = "git+https://github.com/zfphex/onmi#b33085276b20fdf5f0c2795b7106ca01472ed652"

[[package]]
name = "crossbeam-deque"
version = "0.8.7"
source = "registry+https://github.com/rust-lang/crates.io-index"
checksum = "5181e0de7b61eb03a81e347d6dd8797bae9da5146707b51077e2d71a54ec0ceb"
dependencies = [
 "crossbeam-epoch",
 "crossbeam-utils",
]

[[package]]
name = "crossbeam-epoch"
version = "0.9.20"
source = "registry+https://github.com/rust-lang/crates.io-index"
checksum = "2d6914041f254d6e9176c01941b21115dcfb7089e55135a35411081bd106ef3f"
dependencies = [
 "crossbeam-utils",
]

[[package]]
name = "crossbeam-utils"
version = "0.8.22"
source = "registry+https://github.com/rust-lang/crates.io-index"
checksum = "61803da095bee82a81bb1a452ecc25d3b2f1416d1897eb86430c6159ef717c17"

[[package]]
name = "either"
version = "1.17.0"
source = "registry+https://github.com/rust-lang/crates.io-index"
checksum = "9e5e8f6c15a24b9a3ee5efec809ccd006d3b30e8b3bb63c39af737c7f87daa1d"

[[package]]
name = "fontdue"
version = "0.9.3"
source = "git+https://github.com/zfphex/fontdue#fcfca771615f5c0494b06d2424f35c4d7c272ade"
dependencies = [
 "ttf-parser",
]

[[package]]
name = "lazy_static"
version = "1.5.0"
source = "registry+https://github.com/rust-lang/crates.io-index"
checksum = "bbd2bcb4c963f2ddae06a2efc7e9f3591312473c50c6685e1f298068316e66fe"

[[package]]
name = "libm"
version = "0.2.16"
source = "registry+https://github.com/rust-lang/crates.io-index"
checksum = "b6d2cec3eae94f9f509c767b45932f1ada8350c4bdb85af2fcab4a3c14807981"

[[package]]
name = "log"
version = "0.4.33"
source = "registry+https://github.com/rust-lang/crates.io-index"
checksum = "0ceec5bc11778974d1bcb055b18002eba7f4b3518b6a0081b3af5f21666da9ad"

[[package]]
name = "minbin"
version = "0.1.0"
source = "git+https://github.com/zfphex/minbin#b7d9578f1f057b949da5dbc081661144ccd4b057"

[[package]]
name = "mini"
version = "0.1.0"
source = "git+https://github.com/zfphex/mini#5f2a3b76f5ecc3d09a9c821496f1e99357953e48"

[[package]]
name = "miniwalk"
version = "0.1.0"
source = "git+https://github.com/zfphex/miniwalk#7a2afcabc267e8e09803dba1a4e2eacedbdebdd6"

[[package]]
name = "minwin"
version = "0.1.0"

[[package]]
name = "mu"
version = "0.4.0"
dependencies = [
 "mini",
 "mu_core",
 "onmi",
 "winter",
]

[[package]]
name = "mu_core"
version = "0.4.0"
dependencies = [
 "minbin",
 "mini",
 "miniwalk",
 "onmi",
 "rayon",
 "unicode-normalization",
]

[[package]]
name = "mu_gui"
version = "0.1.0"
dependencies = [
 "mini",
 "mu_core",
 "neoui",
 "onmi",
 "rayon",
]

[[package]]
name = "mu_gui2"
version = "0.1.0"
dependencies = [
 "mini",
 "mu_core",
 "neoui",
 "onmi",
 "rayon",
]

[[package]]
name = "neoui"
version = "0.1.0"
dependencies = [
 "fontdue",
 "mini",
 "minwin",
 "rustc-hash",
 "zune-core",
 "zune-jpeg",
 "zune-png",
]

[[package]]
name = "num-complex"
version = "0.4.6"
source = "registry+https://github.com/rust-lang/crates.io-index"
checksum = "73f88a1307638156682bada9d7604135552957b7818057dcef22705b4d509495"
dependencies = [
 "num-traits",
]

[[package]]
name = "num-integer"
version = "0.1.47"
source = "registry+https://github.com/rust-lang/crates.io-index"
checksum = "7ce2d95d4b3734dc35aa2f45e1aa22cd416814592a4f9d9205e11affd5b8e10b"
dependencies = [
 "num-traits",
]

[[package]]
name = "num-traits"
version = "0.2.19"
source = "registry+https://github.com/rust-lang/crates.io-index"
checksum = "071dfc062690e90b734c0b2273ce72ad0ffa95f0c74596bc250dcfd960262841"
dependencies = [
 "autocfg",
]

[[package]]
name = "onmi"
version = "0.1.0"
source = "git+https://github.com/zfphex/onmi#b33085276b20fdf5f0c2795b7106ca01472ed652"
dependencies = [
 "coreaudio",
 "miniwalk",
 "symphonia",
 "wasapi",
]

[[package]]
name = "primal-check"
version = "0.3.4"
source = "registry+https://github.com/rust-lang/crates.io-index"
checksum = "dc0d895b311e3af9902528fbb8f928688abbd95872819320517cc24ca6b2bd08"
dependencies = [
 "num-integer",
]

[[package]]
name = "rayon"
version = "1.12.0"
source = "registry+https://github.com/rust-lang/crates.io-index"
checksum = "fb39b166781f92d482534ef4b4b1b2568f42613b53e5b6c160e24cfbfa30926d"
dependencies = [
 "either",
 "rayon-core",
]

[[package]]
name = "rayon-core"
version = "1.13.0"
source = "registry+https://github.com/rust-lang/crates.io-index"
checksum = "22e18b0f0062d30d4230b2e85ff77fdfe4326feb054b9783a3460d8435c8ab91"
dependencies = [
 "crossbeam-deque",
 "crossbeam-utils",
]

[[package]]
name = "regex-lite"
version = "0.1.9"
source = "registry+https://github.com/rust-lang/crates.io-index"
checksum = "cab834c73d247e67f4fae452806d17d3c7501756d98c8808d7c9c7aa7d18f973"

[[package]]
name = "rustc-hash"
version = "2.1.3"
source = "registry+https://github.com/rust-lang/crates.io-index"
checksum = "6b1e7f9a428571be2dc5bc0505c13fb6bf936822b894ec87abf8a08a4e51742d"

[[package]]
name = "rustfft"
version = "6.4.1"
source = "registry+https://github.com/rust-lang/crates.io-index"
checksum = "21db5f9893e91f41798c88680037dba611ca6674703c1a18601b01a72c8adb89"
dependencies = [
 "num-complex",
 "num-integer",
 "num-traits",
 "primal-check",
 "strength_reduce",
 "transpose",
]

[[package]]
name = "simd-adler32"
version = "0.3.10"
source = "registry+https://github.com/rust-lang/crates.io-index"
checksum = "3a219298ac11a56ea9a6d2120044824d6f01aeb034955e7af7bc16858527deea"

[[package]]
name = "smallvec"
version = "1.15.2"
source = "registry+https://github.com/rust-lang/crates.io-index"
checksum = "8ed6a63f02c8539c91a8685a86f4099661ba3da017932f6ebbea6de3f0fa7c90"

[[package]]
name = "strength_reduce"
version = "0.2.4"
source = "registry+https://github.com/rust-lang/crates.io-index"
checksum = "fe895eb47f22e2ddd4dabc02bce419d2e643c8e3b585c78158b349195bc24d82"

[[package]]
name = "symphonia"
version = "0.6.1"
source = "git+https://github.com/pdeljanov/Symphonia#ee35874b571a35a9a6e15d3bc9a3aaf8f11fbeee"
dependencies = [
 "lazy_static",
 "symphonia-bundle-flac",
 "symphonia-bundle-mp3",
 "symphonia-codec-vorbis",
 "symphonia-core",
 "symphonia-format-ogg",
 "symphonia-metadata",
]

[[package]]
name = "symphonia-bundle-flac"
version = "0.6.1"
source = "git+https://github.com/pdeljanov/Symphonia#ee35874b571a35a9a6e15d3bc9a3aaf8f11fbeee"
dependencies = [
 "log",
 "symphonia-common",
 "symphonia-core",
 "symphonia-metadata",
]

[[package]]
name = "symphonia-bundle-mp3"
version = "0.6.1"
source = "git+https://github.com/pdeljanov/Symphonia#ee35874b571a35a9a6e15d3bc9a3aaf8f11fbeee"
dependencies = [
 "lazy_static",
 "log",
 "symphonia-core",
]

[[package]]
name = "symphonia-codec-vorbis"
version = "0.6.1"
source = "git+https://github.com/pdeljanov/Symphonia#ee35874b571a35a9a6e15d3bc9a3aaf8f11fbeee"
dependencies = [
 "log",
 "symphonia-common",
 "symphonia-core",
]

[[package]]
name = "symphonia-common"
version = "0.6.1"
source = "git+https://github.com/pdeljanov/Symphonia#ee35874b571a35a9a6e15d3bc9a3aaf8f11fbeee"
dependencies = [
 "log",
 "symphonia-core",
 "symphonia-metadata",
]

[[package]]
name = "symphonia-core"
version = "0.6.1"
source = "git+https://github.com/pdeljanov/Symphonia#ee35874b571a35a9a6e15d3bc9a3aaf8f11fbeee"
dependencies = [
 "bitflags",
 "bytemuck",
 "lazy_static",
 "log",
 "num-complex",
 "rustfft",
 "smallvec",
]

[[package]]
name = "symphonia-format-ogg"
version = "0.6.1"
source = "git+https://github.com/pdeljanov/Symphonia#ee35874b571a35a9a6e15d3bc9a3aaf8f11fbeee"
dependencies = [
 "log",
 "symphonia-common",
 "symphonia-core",
 "symphonia-metadata",
]

[[package]]
name = "symphonia-metadata"
version = "0.6.1"
source = "git+https://github.com/pdeljanov/Symphonia#ee35874b571a35a9a6e15d3bc9a3aaf8f11fbeee"
dependencies = [
 "lazy_static",
 "log",
 "regex-lite",
 "smallvec",
 "symphonia-core",
]

[[package]]
name = "tinyvec"
version = "1.12.0"
source = "registry+https://github.com/rust-lang/crates.io-index"
checksum = "bb4ebadaa0af04fab11ae01eb5f9fdb5f9c5b875506e210e71c07873528baa7f"
dependencies = [
 "tinyvec_macros",
]

[[package]]
name = "tinyvec_macros"
version = "0.1.1"
source = "registry+https://github.com/rust-lang/crates.io-index"
checksum = "1f3ccbac311fea05f86f61904b462b55fb3df8837a366dfc601a0161d0532f20"

[[package]]
name = "transpose"
version = "0.2.3"
source = "registry+https://github.com/rust-lang/crates.io-index"
checksum = "1ad61aed86bc3faea4300c7aee358b4c6d0c8d6ccc36524c96e4c92ccf26e77e"
dependencies = [
 "num-integer",
 "strength_reduce",
]

[[package]]
name = "ttf-parser"
version = "0.25.1"
source = "registry+https://github.com/rust-lang/crates.io-index"
checksum = "d2df906b07856748fa3f6e0ad0cbaa047052d4a7dd609e231c4f72cee8c36f31"
dependencies = [
 "core_maths",
]

[[package]]
name = "unicode-normalization"
version = "0.1.25"
source = "registry+https://github.com/rust-lang/crates.io-index"
checksum = "5fd4f6878c9cb28d874b009da9e8d183b5abc80117c40bbd187a1fde336be6e8"
dependencies = [
 "tinyvec",
]

[[package]]
name = "unicode-width"
version = "0.1.14"
source = "registry+https://github.com/rust-lang/crates.io-index"
checksum = "7dd6e30e90baa6f72411720665d41d89b9a3d039dc45b8faea1ddd07f617f6af"

[[package]]
name = "wasapi"
version = "0.1.0"
source = "git+https://github.com/zfphex/onmi#b33085276b20fdf5f0c2795b7106ca01472ed652"

[[package]]
name = "winter"
version = "0.1.0"
source = "git+https://github.com/zfphex/winter#168ec7717c40ad1e7c76477e66e3a36f279333f8"
dependencies = [
 "bitflags",
 "unicode-width",
]

[[package]]
name = "zune-core"
version = "0.5.3"
source = "registry+https://github.com/rust-lang/crates.io-index"
checksum = "d56377fd46368984a170bc5aac5567e52ca5da874caa60bea39fcbca78fb658b"

[[package]]
name = "zune-inflate"
version = "0.2.54"
source = "registry+https://github.com/rust-lang/crates.io-index"
checksum = "73ab332fe2f6680068f3582b16a24f90ad7096d5d39b974d1c0aff0125116f02"
dependencies = [
 "simd-adler32",
]

[[package]]
name = "zune-jpeg"
version = "0.5.15"
source = "registry+https://github.com/rust-lang/crates.io-index"
checksum = "27bc9d5b815bc103f142aa054f561d9187d191692ec7c2d1e2b4737f8dbd7296"
dependencies = [
 "zune-core",
]

[[package]]
name = "zune-png"
version = "0.5.2"
source = "registry+https://github.com/rust-lang/crates.io-index"
checksum = "5a321146329f7617ba0a5b26982cba45b7ce78163135aba78be25850aefcea80"
dependencies = [
 "zune-core",
 "zune-inflate",
]
